
Microsoft Visual Studio Solution File, Format Version 12.00
# Visual Studio Version 16
VisualStudioVersion = 16.0.30204.135
MinimumVisualStudioVersion = 10.0.40219.1
Project("{FAE04EC0-301F-11D3-BF4B-00C04F79EFBC}") = "Matcher", "Matcher.csproj", "{7EFD98F9-B18E-405E-935E-0EEF2E243822}"
EndProject
Global
	GlobalSection(SolutionConfigurationPlatforms) = preSolution
		Debug|Any CPU = Debug|Any CPU
		Release|Any CPU = Release|Any CPU
	EndGlobalSection
	GlobalSection(ProjectConfigurationPlatforms) = postSolution
		{7EFD98F9-B18E-405E-935E-0EEF2E243822}.Debug|Any CPU.ActiveCfg = Debug|Any CPU
		{7EFD98F9-B18E-405E-935E-0EEF2E243822}.Debug|Any CPU.Build.0 = Debug|Any CPU
		{7EFD98F9-B18E-405E-935E-0EEF2E243822}.Release|Any CPU.ActiveCfg = Release|Any CPU
		{7EFD98F9-B18E-405E-935E-0EEF2E243822}.Release|Any CPU.Build.0 = Release|Any CPU
	EndGlobalSection
	GlobalSection(SolutionProperties) = preSolution
		HideSolutionNode = FALSE
	EndGlobalSection
	GlobalSection(ExtensibilityGlobals) = postSolution
		SolutionGuid = {8A29FDFA-A82F-492C-944F-6816D3AE5459}
	EndGlobalSection
EndGlobal
